
Microsoft Visual Studio Solution File, Format Version 12.00
# Visual Studio Version 17
VisualStudioVersion = 17.10.34928.147
MinimumVisualStudioVersion = 10.0.40219.1
Project("{FAE04EC0-301F-11D3-BF4B-00C04F79EFBC}") = "proyRestoNetProg3", "proyRestoNetProg3.csproj", "{6C879413-8C3A-40FB-8EB4-B879A0AA1ED5}"
EndProject
Global
	GlobalSection(SolutionConfigurationPlatforms) = preSolution
		Debug|Any CPU = Debug|Any CPU
		Release|Any CPU = Release|Any CPU
	EndGlobalSection
	GlobalSection(ProjectConfigurationPlatforms) = postSolution
		{6C879413-8C3A-40FB-8EB4-B879A0AA1ED5}.Debug|Any CPU.ActiveCfg = Debug|Any CPU
		{6C879413-8C3A-40FB-8EB4-B879A0AA1ED5}.Debug|Any CPU.Build.0 = Debug|Any CPU
		{6C879413-8C3A-40FB-8EB4-B879A0AA1ED5}.Release|Any CPU.ActiveCfg = Release|Any CPU
		{6C879413-8C3A-40FB-8EB4-B879A0AA1ED5}.Release|Any CPU.Build.0 = Release|Any CPU
	EndGlobalSection
	GlobalSection(SolutionProperties) = preSolution
		HideSolutionNode = FALSE
	EndGlobalSection
	GlobalSection(ExtensibilityGlobals) = postSolution
		SolutionGuid = {9530ABB1-DAD2-4CE5-A122-B30D5AB064EB}
	EndGlobalSection
EndGlobal
